
Microsoft Visual Studio Solution File, Format Version 12.00
# Visual Studio Version 16
VisualStudioVersion = 16.0.30717.126
MinimumVisualStudioVersion = 10.0.40219.1
Project("{FAE04EC0-301F-11D3-BF4B-00C04F79EFBC}") = "ShowFilesDemo", "ShowFilesDemo\ShowFilesDemo.csproj", "{DA7A8678-C5E5-4325-8804-01245E2D3670}"
EndProject
Global
	GlobalSection(SolutionConfigurationPlatforms) = preSolution
		Debug|Any CPU = Debug|Any CPU
		Release|Any CPU = Release|Any CPU
	EndGlobalSection
	GlobalSection(ProjectConfigurationPlatforms) = postSolution
		{DA7A8678-C5E5-4325-8804-01245E2D3670}.Debug|Any CPU.ActiveCfg = Debug|Any CPU
		{DA7A8678-C5E5-4325-8804-01245E2D3670}.Debug|Any CPU.Build.0 = Debug|Any CPU
		{DA7A8678-C5E5-4325-8804-01245E2D3670}.Release|Any CPU.ActiveCfg = Release|Any CPU
		{DA7A8678-C5E5-4325-8804-01245E2D3670}.Release|Any CPU.Build.0 = Release|Any CPU
	EndGlobalSection
	GlobalSection(SolutionProperties) = preSolution
		HideSolutionNode = FALSE
	EndGlobalSection
	GlobalSection(ExtensibilityGlobals) = postSolution
		SolutionGuid = {C742F9D9-25C5-46FD-8E12-9312B329627C}
	EndGlobalSection
EndGlobal
